// !$*UTF8*$!
{
	archiveVersion = 1;
	classes = {
	};
	objectVersion = 46;
	objects = {

/* Begin PBXBuildFile section */
		1539D6551E6992AB00BC5F19 /* main.m in Sources */ = {isa = PBXBuildFile; fileRef = 1539D6541E6992AB00BC5F19 /* main.m */; };
		1539D6581E6992AB00BC5F19 /* AppDelegate.m in Sources */ = {isa = PBXBuildFile; fileRef = 1539D6571E6992AB00BC5F19 /* AppDelegate.m */; };
		1539D65B1E6992AB00BC5F19 /* ViewController.m in Sources */ = {isa = PBXBuildFile; fileRef = 1539D65A1E6992AB00BC5F19 /* ViewController.m */; };
		1539D65E1E6992AB00BC5F19 /* Main.storyboard in Resources */ = {isa = PBXBuildFile; fileRef = 1539D65C1E6992AB00BC5F19 /* Main.storyboard */; };
		1539D6601E6992AB00BC5F19 /* Assets.xcassets in Resources */ = {isa = PBXBuildFile; fileRef = 1539D65F1E6992AB00BC5F19 /* Assets.xcassets */; };
		1539D6631E6992AB00BC5F19 /* LaunchScreen.storyboard in Resources */ = {isa = PBXBuildFile; fileRef = 1539D6611E6992AB00BC5F19 /* LaunchScreen.storyboard */; };
/* End PBXBuildFile section */

/* Begin PBXFileReference section */
		1539D6501E6992AB00BC5F19 /* MyBaseDemo.app */ = {isa = PBXFileReference; explicitFileType = wrapper.application; includeInIndex = 0; path = MyBaseDemo.app; sourceTree = BUILT_PRODUCTS_DIR; };
		1539D6541E6992AB00BC5F19 /* main.m */ = {isa = PBXFileReference; lastKnownFileType = sourcecode.c.objc; path = main.m; sourceTree = "<group>"; };
		1539D6561E6992AB00BC5F19 /* AppDelegate.h */ = {isa = PBXFileReference; lastKnownFileType = sourcecode.c.h; path = AppDelegate.h; sourceTree = "<group>"; };
		1539D6571E6992AB00BC5F19 /* AppDelegate.m */ = {isa = PBXFileReference; lastKnownFileType = sourcecode.c.objc; path = AppDelegate.m; sourceTree = "<group>"; };
		1539D6591E6992AB00BC5F19 /* ViewController.h */ = {isa = PBXFileReference; lastKnownFileType = sourcecode.c.h; path = ViewController.h; sourceTree = "<group>"; };
		1539D65A1E6992AB00BC5F19 /* ViewController.m */ = {isa = PBXFileReference; lastKnownFileType = sourcecode.c.objc; path = ViewController.m; sourceTree = "<group>"; };
		1539D65D1E6992AB00BC5F19 /* Base */ = {isa = PBXFileReference; lastKnownFileType = file.storyboard; name = Base; path = Base.lproj/Main.storyboard; sourceTree = "<group>"; };
		1539D65F1E6992AB00BC5F19 /* Assets.xcassets */ = {isa = PBXFileReference; lastKnownFileType = folder.assetcatalog; path = Assets.xcassets; sourceTree = "<group>"; };
		1539D6621E6992AB00BC5F19 /* Base */ = {isa = PBXFileReference; lastKnownFileType = file.storyboard; name = Base; path = Base.lproj/LaunchScreen.storyboard; sourceTree = "<group>"; };
		1539D6641E6992AB00BC5F19 /* Info.plist */ = {isa = PBXFileReference; lastKnownFileType = text.plist.xml; path = Info.plist; sourceTree = "<group>"; };
/* End PBXFileReference section */

/* Begin PBXFrameworksBuildPhase section */
		1539D64D1E6992AB00BC5F19 /* Frameworks */ = {
			isa = PBXFrameworksBuildPhase;
			buildActionMask = 2147483647;
			files = (
			);
			runOnlyForDeploymentPostprocessing = 0;
		};
/* End PBXFrameworksBuildPhase section */

/* Begin PBXGroup section */
		1539D6471E6992AB00BC5F19 = {
			isa = PBXGroup;
			children = (
				1539D6521E6992AB00BC5F19 /* MyBaseDemo */,
				1539D6511E6992AB00BC5F19 /* Products */,
			);
			sourceTree = "<group>";
		};
		1539D6511E6992AB00BC5F19 /* Products */ = {
			isa = PBXGroup;
			children = (
				1539D6501E6992AB00BC5F19 /* MyBaseDemo.app */,
			);
			name = Products;
			sourceTree = "<group>";
		};
		1539D6521E6992AB00BC5F19 /* MyBaseDemo */ = {
			isa = PBXGroup;
			children = (
				1539D6561E6992AB00BC5F19 /* AppDelegate.h */,
				1539D6571E6992AB00BC5F19 /* AppDelegate.m */,
				1539D6591E6992AB00BC5F19 /* ViewController.h */,
				1539D65A1E6992AB00BC5F19 /* ViewController.m */,
				1539D65C1E6992AB00BC5F19 /* Main.storyboard */,
				1539D65F1E6992AB00BC5F19 /* Assets.xcassets */,
				1539D6611E6992AB00BC5F19 /* LaunchScreen.storyboard */,
				1539D6641E6992AB00BC5F19 /* Info.plist */,
				1539D6531E6992AB00BC5F19 /* Supporting Files */,
			);
			path = MyBaseDemo;
			sourceTree = "<group>";
		};
		1539D6531E6992AB00BC5F19 /* Supporting Files */ = {
			isa = PBXGroup;
			children = (
				1539D6541E6992AB00BC5F19 /* main.m */,
			);
			name = "Supporting Files";
			sourceTree = "<group>";
		};
/* End PBXGroup section */

/* Begin PBXNativeTarget section */
		1539D64F1E6992AB00BC5F19 /* MyBaseDemo */ = {
			isa = PBXNativeTarget;
			buildConfigurationList = 1539D6671E6992AB00BC5F19 /* Build configuration list for PBXNativeTarget "MyBaseDemo" */;
			buildPhases = (
				1539D64C1E6992AB00BC5F19 /* Sources */,
				1539D64D1E6992AB00BC5F19 /* Frameworks */,
				1539D64E1E6992AB00BC5F19 /* Resources */,
			);
			buildRules = (
			);
			dependencies = (
			);
			name = MyBaseDemo;
			productName = MyBaseDemo;
			productReference = 1539D6501E6992AB00BC5F19 /* MyBaseDemo.app */;
			productType = "com.apple.product-type.application";
		};
/* End PBXNativeTarget section */

/* Begin PBXProject section */
		1539D6481E6992AB00BC5F19 /* Project object */ = {
			isa = PBXProject;
			attributes = {
				LastUpgradeCheck = 0710;
				ORGANIZATIONNAME = Pro_liufeng;
				TargetAttributes = {
					1539D64F1E6992AB00BC5F19 = {
						CreatedOnToolsVersion = 7.1.1;
					};
				};
			};
			buildConfigurationList = 1539D64B1E6992AB00BC5F19 /* Build configuration list for PBXProject "MyBaseDemo" */;
			compatibilityVersion = "Xcode 3.2";
			developmentRegion = English;
			hasScannedForEncodings = 0;
			knownRegions = (
				en,
				Base,
			);
			mainGroup = 1539D6471E6992AB00BC5F19;
			productRefGroup = 1539D6511E6992AB00BC5F19 /* Products */;
			projectDirPath = "";
			projectRoot = "";
			targets = (
				1539D64F1E6992AB00BC5F19 /* MyBaseDemo */,
			);
		};
/* End PBXProject section */

/* Begin PBXResourcesBuildPhase section */
		1539D64E1E6992AB00BC5F19 /* Resources */ = {
			isa = PBXResourcesBuildPhase;
			buildActionMask = 2147483647;
			files = (
				1539D6631E6992AB00BC5F19 /* LaunchScreen.storyboard in Resources */,
				1539D6601E6992AB00BC5F19 /* Assets.xcassets in Resources */,
				1539D65E1E6992AB00BC5F19 /* Main.storyboard in Resources */,
			);
			runOnlyForDeploymentPostprocessing = 0;
		};
/* End PBXResourcesBuildPhase section */

/* Begin PBXSourcesBuildPhase section */
		1539D64C1E6992AB00BC5F19 /* Sources */ = {
			isa = PBXSourcesBuildPhase;
			buildActionMask = 2147483647;
			files = (
				1539D65B1E6992AB00BC5F19 /* ViewController.m in Sources */,
				1539D6581E6992AB00BC5F19 /* AppDelegate.m in Sources */,
				1539D6551E6992AB00BC5F19 /* main.m in Sources */,
			);
			runOnlyForDeploymentPostprocessing = 0;
		};
/* End PBXSourcesBuildPhase section */

/* Begin PBXVariantGroup section */
		1539D65C1E6992AB00BC5F19 /* Main.storyboard */ = {
			isa = PBXVariantGroup;
			children = (
				1539D65D1E6992AB00BC5F19 /* Base */,
			);
			name = Main.storyboard;
			sourceTree = "<group>";
		};
		1539D6611E6992AB00BC5F19 /* LaunchScreen.storyboard */ = {
			isa = PBXVariantGroup;
			children = (
				1539D6621E6992AB00BC5F19 /* Base */,
			);
			name = LaunchScreen.storyboard;
			sourceTree = "<group>";
		};
/* End PBXVariantGroup section */

/* Begin XCBuildConfiguration section */
		1539D6651E6992AB00BC5F19 /* Debug */ = {
			isa = XCBuildConfiguration;
			buildSettings = {
				ALWAYS_SEARCH_USER_PATHS = NO;
				CLANG_CXX_LANGUAGE_STANDARD = "gnu++0x";
				CLANG_CXX_LIBRARY = "libc++";
				CLANG_ENABLE_MODULES = YES;
				CLANG_ENABLE_OBJC_ARC = YES;
				CLANG_WARN_BOOL_CONVERSION = YES;
				CLANG_WARN_CONSTANT_CONVERSION = YES;
				CLANG_WARN_DIRECT_OBJC_ISA_USAGE = YES_ERROR;
				CLANG_WARN_EMPTY_BODY = YES;
				CLANG_WARN_ENUM_CONVERSION = YES;
				CLANG_WARN_INT_CONVERSION = YES;
				CLANG_WARN_OBJC_ROOT_CLASS = YES_ERROR;
				CLANG_WARN_UNREACHABLE_CODE = YES;
				CLANG_WARN__DUPLICATE_METHOD_MATCH = YES;
				"CODE_SIGN_IDENTITY[sdk=iphoneos*]" = "iPhone Developer";
				COPY_PHASE_STRIP = NO;
				DEBUG_INFORMATION_FORMAT = dwarf;
				ENABLE_STRICT_OBJC_MSGSEND = YES;
				ENABLE_TESTABILITY = YES;
				GCC_C_LANGUAGE_STANDARD = gnu99;
				GCC_DYNAMIC_NO_PIC = NO;
				GCC_NO_COMMON_BLOCKS = YES;
				GCC_OPTIMIZATION_LEVEL = 0;
				GCC_PREPROCESSOR_DEFINITIONS = (
					"DEBUG=1",
					"$(inherited)",
				);
				GCC_WARN_64_TO_32_BIT_CONVERSION = YES;
				GCC_WARN_ABOUT_RETURN_TYPE = YES_ERROR;
				GCC_WARN_UNDECLARED_SELECTOR = YES;
				GCC_WARN_UNINITIALIZED_AUTOS = YES_AGGRESSIVE;
				GCC_WARN_UNUSED_FUNCTION = YES;
				GCC_WARN_UNUSED_VARIABLE = YES;
				IPHONEOS_DEPLOYMENT_TARGET = 9.1;
				MTL_ENABLE_DEBUG_INFO = YES;
				ONLY_ACTIVE_ARCH = YES;
				SDKROOT = iphoneos;
			};
			name = Debug;
		};
		1539D6661E6992AB00BC5F19 /* Release */ = {
			isa = XCBuildConfiguration;
			buildSettings = {
				ALWAYS_SEARCH_USER_PATHS = NO;
				CLANG_CXX_LANGUAGE_STANDARD = "gnu++0x";
				CLANG_CXX_LIBRARY = "libc++";
				CLANG_ENABLE_MODULES = YES;
				CLANG_ENABLE_OBJC_ARC = YES;
				CLANG_WARN_BOOL_CONVERSION = YES;
				CLANG_WARN_CONSTANT_CONVERSION = YES;
				CLANG_WARN_DIRECT_OBJC_ISA_USAGE = YES_ERROR;
				CLANG_WARN_EMPTY_BODY = YES;
				CLANG_WARN_ENUM_CONVERSION = YES;
				CLANG_WARN_INT_CONVERSION = YES;
				CLANG_WARN_OBJC_ROOT_CLASS = YES_ERROR;
				CLANG_WARN_UNREACHABLE_CODE = YES;
				CLANG_WARN__DUPLICATE_METHOD_MATCH = YES;
				"CODE_SIGN_IDENTITY[sdk=iphoneos*]" = "iPhone Developer";
				COPY_PHASE_STRIP = NO;
				DEBUG_INFORMATION_FORMAT = "dwarf-with-dsym";
				ENABLE_NS_ASSERTIONS = NO;
				ENABLE_STRICT_OBJC_MSGSEND = YES;
				GCC_C_LANGUAGE_STANDARD = gnu99;
				GCC_NO_COMMON_BLOCKS = YES;
				GCC_WARN_64_TO_32_BIT_CONVERSION = YES;
				GCC_WARN_ABOUT_RETURN_TYPE = YES_ERROR;
				GCC_WARN_UNDECLARED_SELECTOR = YES;
				GCC_WARN_UNINITIALIZED_AUTOS = YES_AGGRESSIVE;
				GCC_WARN_UNUSED_FUNCTION = YES;
				GCC_WARN_UNUSED_VARIABLE = YES;
				IPHONEOS_DEPLOYMENT_TARGET = 9.1;
				MTL_ENABLE_DEBUG_INFO = NO;
				SDKROOT = iphoneos;
				VALIDATE_PRODUCT = YES;
			};
			name = Release;
		};
		1539D6681E6992AB00BC5F19 /* Debug */ = {
			isa = XCBuildConfiguration;
			buildSettings = {
				ASSETCATALOG_COMPILER_APPICON_NAME = AppIcon;
				INFOPLIST_FILE = MyBaseDemo/Info.plist;
				LD_RUNPATH_SEARCH_PATHS = "$(inherited) @executable_path/Frameworks";
				PRODUCT_BUNDLE_IDENTIFIER = com.kufeng.hj.MyBaseDemo;
				PRODUCT_NAME = "$(TARGET_NAME)";
			};
			name = Debug;
		};
		1539D6691E6992AB00BC5F19 /* Release */ = {
			isa = XCBuildConfiguration;
			buildSettings = {
				ASSETCATALOG_COMPILER_APPICON_NAME = AppIcon;
				INFOPLIST_FILE = MyBaseDemo/Info.plist;
				LD_RUNPATH_SEARCH_PATHS = "$(inherited) @executable_path/Frameworks";
				PRODUCT_BUNDLE_IDENTIFIER = com.kufeng.hj.MyBaseDemo;
				PRODUCT_NAME = "$(TARGET_NAME)";
			};
			name = Release;
		};
/* End XCBuildConfiguration section */

/* Begin XCConfigurationList section */
		1539D64B1E6992AB00BC5F19 /* Build configuration list for PBXProject "MyBaseDemo" */ = {
			isa = XCConfigurationList;
			buildConfigurations = (
				1539D6651E6992AB00BC5F19 /* Debug */,
				1539D6661E6992AB00BC5F19 /* Release */,
			);
			defaultConfigurationIsVisible = 0;
			defaultConfigurationName = Release;
		};
		1539D6671E6992AB00BC5F19 /* Build configuration list for PBXNativeTarget "MyBaseDemo" */ = {
			isa = XCConfigurationList;
			buildConfigurations = (
				1539D6681E6992AB00BC5F19 /* Debug */,
				1539D6691E6992AB00BC5F19 /* Release */,
			);
			defaultConfigurationIsVisible = 0;
		};
/* End XCConfigurationList section */
	};
	rootObject = 1539D6481E6992AB00BC5F19 /* Project object */;
}
